
Microsoft Visual Studio Solution File, Format Version 12.00
# Visual Studio Version 17
VisualStudioVersion = 17.13.35931.197 d17.13
MinimumVisualStudioVersion = 10.0.40219.1
Project("{FAE04EC0-301F-11D3-BF4B-00C04F79EFBC}") = "MovieTicketBookingManagementSystem", "MovieTicketBookingManagementSystem.csproj", "{BBACDFB4-177E-44A3-8338-79314C593831}"
EndProject
Global
	GlobalSection(SolutionConfigurationPlatforms) = preSolution
		Debug|Any CPU = Debug|Any CPU
		Release|Any CPU = Release|Any CPU
	EndGlobalSection
	GlobalSection(ProjectConfigurationPlatforms) = postSolution
		{BBACDFB4-177E-44A3-8338-79314C593831}.Debug|Any CPU.ActiveCfg = Debug|Any CPU
		{BBACDFB4-177E-44A3-8338-79314C593831}.Debug|Any CPU.Build.0 = Debug|Any CPU
		{BBACDFB4-177E-44A3-8338-79314C593831}.Release|Any CPU.ActiveCfg = Release|Any CPU
		{BBACDFB4-177E-44A3-8338-79314C593831}.Release|Any CPU.Build.0 = Release|Any CPU
	EndGlobalSection
	GlobalSection(SolutionProperties) = preSolution
		HideSolutionNode = FALSE
	EndGlobalSection
	GlobalSection(ExtensibilityGlobals) = postSolution
		SolutionGuid = {FB5CC71A-F983-466F-8745-6FBCDB1DE1B0}
	EndGlobalSection
EndGlobal
